// !$*UTF8*$!
{
	archiveVersion = 1;
	classes = {
	};
	objectVersion = 56;
	objects = {

/* Begin PBXBuildFile section */
		38A7CE802A287BAF00E0E2B1 /* AppDelegate.swift in Sources */ = {isa = PBXBuildFile; fileRef = 38A7CE7F2A287BAF00E0E2B1 /* AppDelegate.swift */; };
		38A7CE842A287BAF00E0E2B1 /* TransactionListVC.swift in Sources */ = {isa = PBXBuildFile; fileRef = 38A7CE832A287BAF00E0E2B1 /* TransactionListVC.swift */; };
		38A7CE872A287BAF00E0E2B1 /* Main.storyboard in Resources */ = {isa = PBXBuildFile; fileRef = 38A7CE852A287BAF00E0E2B1 /* Main.storyboard */; };
		38A7CE892A287BB100E0E2B1 /* Assets.xcassets in Resources */ = {isa = PBXBuildFile; fileRef = 38A7CE882A287BB100E0E2B1 /* Assets.xcassets */; };
		38A7CE8C2A287BB100E0E2B1 /* LaunchScreen.storyboard in Resources */ = {isa = PBXBuildFile; fileRef = 38A7CE8A2A287BB100E0E2B1 /* LaunchScreen.storyboard */; };
		38A7CE972A287BB200E0E2B1 /* GMGordersTests.swift in Sources */ = {isa = PBXBuildFile; fileRef = 38A7CE962A287BB200E0E2B1 /* GMGordersTests.swift */; };
		38A7CEA12A287BB200E0E2B1 /* GMGordersUITests.swift in Sources */ = {isa = PBXBuildFile; fileRef = 38A7CEA02A287BB200E0E2B1 /* GMGordersUITests.swift */; };
		38A7CEA32A287BB200E0E2B1 /* GMGordersUITestsLaunchTests.swift in Sources */ = {isa = PBXBuildFile; fileRef = 38A7CEA22A287BB200E0E2B1 /* GMGordersUITestsLaunchTests.swift */; };
		38A7CEB92A287CFD00E0E2B1 /* GMGTransactions.json in Resources */ = {isa = PBXBuildFile; fileRef = 38A7CEB82A287CFD00E0E2B1 /* GMGTransactions.json */; };
		38A7CEBB2A287D9800E0E2B1 /* TransactionListModel.swift in Sources */ = {isa = PBXBuildFile; fileRef = 38A7CEBA2A287D9800E0E2B1 /* TransactionListModel.swift */; };
		38A7CEBE2A287E9F00E0E2B1 /* NetworkManager.swift in Sources */ = {isa = PBXBuildFile; fileRef = 38A7CEBD2A287E9F00E0E2B1 /* NetworkManager.swift */; };
		38A7CEC12A28878F00E0E2B1 /* Extensions.swift in Sources */ = {isa = PBXBuildFile; fileRef = 38A7CEC02A28878F00E0E2B1 /* Extensions.swift */; };
		38A7CEC32A28898F00E0E2B1 /* NetworkService.swift in Sources */ = {isa = PBXBuildFile; fileRef = 38A7CEC22A28898F00E0E2B1 /* NetworkService.swift */; };
		38A7CEC72A288C4A00E0E2B1 /* Reachability.swift in Sources */ = {isa = PBXBuildFile; fileRef = 38A7CEC62A288C4A00E0E2B1 /* Reachability.swift */; };
		38A7CECA2A288CE300E0E2B1 /* InternetConnectionView.swift in Sources */ = {isa = PBXBuildFile; fileRef = 38A7CEC92A288CE300E0E2B1 /* InternetConnectionView.swift */; };
		38A7CECC2A288E2100E0E2B1 /* AppStyles.swift in Sources */ = {isa = PBXBuildFile; fileRef = 38A7CECB2A288E2100E0E2B1 /* AppStyles.swift */; };
		38A7CECE2A289F4100E0E2B1 /* TransactionListViewModel.swift in Sources */ = {isa = PBXBuildFile; fileRef = 38A7CECD2A289F4100E0E2B1 /* TransactionListViewModel.swift */; };
		38A7CED32A28BFF800E0E2B1 /* TransactionItemCell.swift in Sources */ = {isa = PBXBuildFile; fileRef = 38A7CED12A28BFF800E0E2B1 /* TransactionItemCell.swift */; };
		38A7CED42A28BFF800E0E2B1 /* TransactionItemCell.xib in Resources */ = {isa = PBXBuildFile; fileRef = 38A7CED22A28BFF800E0E2B1 /* TransactionItemCell.xib */; };
		38A7CED62A28CB2F00E0E2B1 /* GMGDateFormatter.swift in Sources */ = {isa = PBXBuildFile; fileRef = 38A7CED52A28CB2F00E0E2B1 /* GMGDateFormatter.swift */; };
		38A7CED82A28D1AB00E0E2B1 /* Helper.swift in Sources */ = {isa = PBXBuildFile; fileRef = 38A7CED72A28D1AB00E0E2B1 /* Helper.swift */; };
		38A7CEDA2A28D66500E0E2B1 /* TransactionDetailVC.swift in Sources */ = {isa = PBXBuildFile; fileRef = 38A7CED92A28D66500E0E2B1 /* TransactionDetailVC.swift */; };
		38A7CEDC2A28D7EF00E0E2B1 /* TransactionDetailViewModel.swift in Sources */ = {isa = PBXBuildFile; fileRef = 38A7CEDB2A28D7EF00E0E2B1 /* TransactionDetailViewModel.swift */; };
		38B040712A292E7000B34A03 /* FilterPickerVC.swift in Sources */ = {isa = PBXBuildFile; fileRef = 38B040702A292E7000B34A03 /* FilterPickerVC.swift */; };
		38B040732A2931C500B34A03 /* FilterModel.swift in Sources */ = {isa = PBXBuildFile; fileRef = 38B040722A2931C500B34A03 /* FilterModel.swift */; };
		38B040752A2932CD00B34A03 /* FilterPickerViewModel.swift in Sources */ = {isa = PBXBuildFile; fileRef = 38B040742A2932CD00B34A03 /* FilterPickerViewModel.swift */; };
		38BAE6172A29C3C900AC359C /* FilterItemCell.swift in Sources */ = {isa = PBXBuildFile; fileRef = 38BAE6152A29C3C900AC359C /* FilterItemCell.swift */; };
		38BAE6182A29C3C900AC359C /* FilterItemCell.xib in Resources */ = {isa = PBXBuildFile; fileRef = 38BAE6162A29C3C900AC359C /* FilterItemCell.xib */; };
/* End PBXBuildFile section */

/* Begin PBXContainerItemProxy section */
		38A7CE932A287BB200E0E2B1 /* PBXContainerItemProxy */ = {
			isa = PBXContainerItemProxy;
			containerPortal = 38A7CE742A287BAF00E0E2B1 /* Project object */;
			proxyType = 1;
			remoteGlobalIDString = 38A7CE7B2A287BAF00E0E2B1;
			remoteInfo = GMGorders;
		};
		38A7CE9D2A287BB200E0E2B1 /* PBXContainerItemProxy */ = {
			isa = PBXContainerItemProxy;
			containerPortal = 38A7CE742A287BAF00E0E2B1 /* Project object */;
			proxyType = 1;
			remoteGlobalIDString = 38A7CE7B2A287BAF00E0E2B1;
			remoteInfo = GMGorders;
		};
/* End PBXContainerItemProxy section */

/* Begin PBXFileReference section */
		38A7CE7C2A287BAF00E0E2B1 /* GMGorders.app */ = {isa = PBXFileReference; explicitFileType = wrapper.application; includeInIndex = 0; path = GMGorders.app; sourceTree = BUILT_PRODUCTS_DIR; };
		38A7CE7F2A287BAF00E0E2B1 /* AppDelegate.swift */ = {isa = PBXFileReference; lastKnownFileType = sourcecode.swift; path = AppDelegate.swift; sourceTree = "<group>"; };
		38A7CE832A287BAF00E0E2B1 /* TransactionListVC.swift */ = {isa = PBXFileReference; lastKnownFileType = sourcecode.swift; path = TransactionListVC.swift; sourceTree = "<group>"; };
		38A7CE862A287BAF00E0E2B1 /* Base */ = {isa = PBXFileReference; lastKnownFileType = file.storyboard; name = Base; path = Base.lproj/Main.storyboard; sourceTree = "<group>"; };
		38A7CE882A287BB100E0E2B1 /* Assets.xcassets */ = {isa = PBXFileReference; lastKnownFileType = folder.assetcatalog; path = Assets.xcassets; sourceTree = "<group>"; };
		38A7CE8B2A287BB100E0E2B1 /* Base */ = {isa = PBXFileReference; lastKnownFileType = file.storyboard; name = Base; path = Base.lproj/LaunchScreen.storyboard; sourceTree = "<group>"; };
		38A7CE8D2A287BB100E0E2B1 /* Info.plist */ = {isa = PBXFileReference; lastKnownFileType = text.plist.xml; path = Info.plist; sourceTree = "<group>"; };
		38A7CE922A287BB200E0E2B1 /* GMGordersTests.xctest */ = {isa = PBXFileReference; explicitFileType = wrapper.cfbundle; includeInIndex = 0; path = GMGordersTests.xctest; sourceTree = BUILT_PRODUCTS_DIR; };
		38A7CE962A287BB200E0E2B1 /* GMGordersTests.swift */ = {isa = PBXFileReference; lastKnownFileType = sourcecode.swift; path = GMGordersTests.swift; sourceTree = "<group>"; };
		38A7CE9C2A287BB200E0E2B1 /* GMGordersUITests.xctest */ = {isa = PBXFileReference; explicitFileType = wrapper.cfbundle; includeInIndex = 0; path = GMGordersUITests.xctest; sourceTree = BUILT_PRODUCTS_DIR; };
		38A7CEA02A287BB200E0E2B1 /* GMGordersUITests.swift */ = {isa = PBXFileReference; lastKnownFileType = sourcecode.swift; path = GMGordersUITests.swift; sourceTree = "<group>"; };
		38A7CEA22A287BB200E0E2B1 /* GMGordersUITestsLaunchTests.swift */ = {isa = PBXFileReference; lastKnownFileType = sourcecode.swift; path = GMGordersUITestsLaunchTests.swift; sourceTree = "<group>"; };
		38A7CEB82A287CFD00E0E2B1 /* GMGTransactions.json */ = {isa = PBXFileReference; fileEncoding = 4; lastKnownFileType = text.json; path = GMGTransactions.json; sourceTree = "<group>"; };
		38A7CEBA2A287D9800E0E2B1 /* TransactionListModel.swift */ = {isa = PBXFileReference; lastKnownFileType = sourcecode.swift; path = TransactionListModel.swift; sourceTree = "<group>"; };
		38A7CEBD2A287E9F00E0E2B1 /* NetworkManager.swift */ = {isa = PBXFileReference; lastKnownFileType = sourcecode.swift; path = NetworkManager.swift; sourceTree = "<group>"; };
		38A7CEC02A28878F00E0E2B1 /* Extensions.swift */ = {isa = PBXFileReference; lastKnownFileType = sourcecode.swift; path = Extensions.swift; sourceTree = "<group>"; };
		38A7CEC22A28898F00E0E2B1 /* NetworkService.swift */ = {isa = PBXFileReference; lastKnownFileType = sourcecode.swift; path = NetworkService.swift; sourceTree = "<group>"; };
		38A7CEC62A288C4A00E0E2B1 /* Reachability.swift */ = {isa = PBXFileReference; fileEncoding = 4; lastKnownFileType = sourcecode.swift; path = Reachability.swift; sourceTree = "<group>"; };
		38A7CEC92A288CE300E0E2B1 /* InternetConnectionView.swift */ = {isa = PBXFileReference; fileEncoding = 4; lastKnownFileType = sourcecode.swift; path = InternetConnectionView.swift; sourceTree = "<group>"; };
		38A7CECB2A288E2100E0E2B1 /* AppStyles.swift */ = {isa = PBXFileReference; lastKnownFileType = sourcecode.swift; path = AppStyles.swift; sourceTree = "<group>"; };
		38A7CECD2A289F4100E0E2B1 /* TransactionListViewModel.swift */ = {isa = PBXFileReference; lastKnownFileType = sourcecode.swift; path = TransactionListViewModel.swift; sourceTree = "<group>"; };
		38A7CED12A28BFF800E0E2B1 /* TransactionItemCell.swift */ = {isa = PBXFileReference; lastKnownFileType = sourcecode.swift; path = TransactionItemCell.swift; sourceTree = "<group>"; };
		38A7CED22A28BFF800E0E2B1 /* TransactionItemCell.xib */ = {isa = PBXFileReference; lastKnownFileType = file.xib; path = TransactionItemCell.xib; sourceTree = "<group>"; };
		38A7CED52A28CB2F00E0E2B1 /* GMGDateFormatter.swift */ = {isa = PBXFileReference; lastKnownFileType = sourcecode.swift; path = GMGDateFormatter.swift; sourceTree = "<group>"; };
		38A7CED72A28D1AB00E0E2B1 /* Helper.swift */ = {isa = PBXFileReference; lastKnownFileType = sourcecode.swift; path = Helper.swift; sourceTree = "<group>"; };
		38A7CED92A28D66500E0E2B1 /* TransactionDetailVC.swift */ = {isa = PBXFileReference; lastKnownFileType = sourcecode.swift; path = TransactionDetailVC.swift; sourceTree = "<group>"; };
		38A7CEDB2A28D7EF00E0E2B1 /* TransactionDetailViewModel.swift */ = {isa = PBXFileReference; lastKnownFileType = sourcecode.swift; path = TransactionDetailViewModel.swift; sourceTree = "<group>"; };
		38B040702A292E7000B34A03 /* FilterPickerVC.swift */ = {isa = PBXFileReference; lastKnownFileType = sourcecode.swift; path = FilterPickerVC.swift; sourceTree = "<group>"; };
		38B040722A2931C500B34A03 /* FilterModel.swift */ = {isa = PBXFileReference; lastKnownFileType = sourcecode.swift; path = FilterModel.swift; sourceTree = "<group>"; };
		38B040742A2932CD00B34A03 /* FilterPickerViewModel.swift */ = {isa = PBXFileReference; lastKnownFileType = sourcecode.swift; path = FilterPickerViewModel.swift; sourceTree = "<group>"; };
		38BAE6152A29C3C900AC359C /* FilterItemCell.swift */ = {isa = PBXFileReference; lastKnownFileType = sourcecode.swift; path = FilterItemCell.swift; sourceTree = "<group>"; };
		38BAE6162A29C3C900AC359C /* FilterItemCell.xib */ = {isa = PBXFileReference; lastKnownFileType = file.xib; path = FilterItemCell.xib; sourceTree = "<group>"; };
/* End PBXFileReference section */

/* Begin PBXFrameworksBuildPhase section */
		38A7CE792A287BAF00E0E2B1 /* Frameworks */ = {
			isa = PBXFrameworksBuildPhase;
			buildActionMask = 2147483647;
			files = (
			);
			runOnlyForDeploymentPostprocessing = 0;
		};
		38A7CE8F2A287BB200E0E2B1 /* Frameworks */ = {
			isa = PBXFrameworksBuildPhase;
			buildActionMask = 2147483647;
			files = (
			);
			runOnlyForDeploymentPostprocessing = 0;
		};
		38A7CE992A287BB200E0E2B1 /* Frameworks */ = {
			isa = PBXFrameworksBuildPhase;
			buildActionMask = 2147483647;
			files = (
			);
			runOnlyForDeploymentPostprocessing = 0;
		};
/* End PBXFrameworksBuildPhase section */

/* Begin PBXGroup section */
		38A7CE732A287BAF00E0E2B1 = {
			isa = PBXGroup;
			children = (
				38A7CE7E2A287BAF00E0E2B1 /* GMGorders */,
				38A7CE952A287BB200E0E2B1 /* GMGordersTests */,
				38A7CE9F2A287BB200E0E2B1 /* GMGordersUITests */,
				38A7CE7D2A287BAF00E0E2B1 /* Products */,
			);
			sourceTree = "<group>";
		};
		38A7CE7D2A287BAF00E0E2B1 /* Products */ = {
			isa = PBXGroup;
			children = (
				38A7CE7C2A287BAF00E0E2B1 /* GMGorders.app */,
				38A7CE922A287BB200E0E2B1 /* GMGordersTests.xctest */,
				38A7CE9C2A287BB200E0E2B1 /* GMGordersUITests.xctest */,
			);
			name = Products;
			sourceTree = "<group>";
		};
		38A7CE7E2A287BAF00E0E2B1 /* GMGorders */ = {
			isa = PBXGroup;
			children = (
				38A7CEBF2A28877600E0E2B1 /* Utils */,
				38A7CEBC2A287E8500E0E2B1 /* Managers */,
				38A7CEB72A287CEB00E0E2B1 /* MockResources */,
				38A7CEC82A288CAD00E0E2B1 /* SharedViews */,
				38A7CEAF2A287BDC00E0E2B1 /* TransactionDetailScreen */,
				38A7CEB32A287BDC00E0E2B1 /* TransactionsListScreen */,
				38B0406C2A292E0B00B34A03 /* FilterPickerScreen */,
				38A7CE7F2A287BAF00E0E2B1 /* AppDelegate.swift */,
				38A7CE882A287BB100E0E2B1 /* Assets.xcassets */,
				38A7CE8A2A287BB100E0E2B1 /* LaunchScreen.storyboard */,
				38A7CE8D2A287BB100E0E2B1 /* Info.plist */,
			);
			path = GMGorders;
			sourceTree = "<group>";
		};
		38A7CE952A287BB200E0E2B1 /* GMGordersTests */ = {
			isa = PBXGroup;
			children = (
				38A7CE962A287BB200E0E2B1 /* GMGordersTests.swift */,
			);
			path = GMGordersTests;
			sourceTree = "<group>";
		};
		38A7CE9F2A287BB200E0E2B1 /* GMGordersUITests */ = {
			isa = PBXGroup;
			children = (
				38A7CEA02A287BB200E0E2B1 /* GMGordersUITests.swift */,
				38A7CEA22A287BB200E0E2B1 /* GMGordersUITestsLaunchTests.swift */,
			);
			path = GMGordersUITests;
			sourceTree = "<group>";
		};
		38A7CEAF2A287BDC00E0E2B1 /* TransactionDetailScreen */ = {
			isa = PBXGroup;
			children = (
				38A7CEB12A287BDC00E0E2B1 /* Model */,
				38A7CEB02A287BDC00E0E2B1 /* ViewModel */,
				38A7CEB22A287BDC00E0E2B1 /* Views */,
			);
			path = TransactionDetailScreen;
			sourceTree = "<group>";
		};
		38A7CEB02A287BDC00E0E2B1 /* ViewModel */ = {
			isa = PBXGroup;
			children = (
				38A7CEDB2A28D7EF00E0E2B1 /* TransactionDetailViewModel.swift */,
			);
			path = ViewModel;
			sourceTree = "<group>";
		};
		38A7CEB12A287BDC00E0E2B1 /* Model */ = {
			isa = PBXGroup;
			children = (
			);
			path = Model;
			sourceTree = "<group>";
		};
		38A7CEB22A287BDC00E0E2B1 /* Views */ = {
			isa = PBXGroup;
			children = (
				38A7CED92A28D66500E0E2B1 /* TransactionDetailVC.swift */,
			);
			path = Views;
			sourceTree = "<group>";
		};
		38A7CEB32A287BDC00E0E2B1 /* TransactionsListScreen */ = {
			isa = PBXGroup;
			children = (
				38A7CEB52A287BDC00E0E2B1 /* Model */,
				38A7CEB42A287BDC00E0E2B1 /* ViewModel */,
				38A7CEB62A287BDC00E0E2B1 /* Views */,
			);
			path = TransactionsListScreen;
			sourceTree = "<group>";
		};
		38A7CEB42A287BDC00E0E2B1 /* ViewModel */ = {
			isa = PBXGroup;
			children = (
				38A7CECD2A289F4100E0E2B1 /* TransactionListViewModel.swift */,
			);
			path = ViewModel;
			sourceTree = "<group>";
		};
		38A7CEB52A287BDC00E0E2B1 /* Model */ = {
			isa = PBXGroup;
			children = (
				38A7CEBA2A287D9800E0E2B1 /* TransactionListModel.swift */,
			);
			path = Model;
			sourceTree = "<group>";
		};
		38A7CEB62A287BDC00E0E2B1 /* Views */ = {
			isa = PBXGroup;
			children = (
				38A7CE832A287BAF00E0E2B1 /* TransactionListVC.swift */,
				38A7CED12A28BFF800E0E2B1 /* TransactionItemCell.swift */,
				38A7CED22A28BFF800E0E2B1 /* TransactionItemCell.xib */,
			);
			path = Views;
			sourceTree = "<group>";
		};
		38A7CEB72A287CEB00E0E2B1 /* MockResources */ = {
			isa = PBXGroup;
			children = (
				38A7CEB82A287CFD00E0E2B1 /* GMGTransactions.json */,
			);
			path = MockResources;
			sourceTree = "<group>";
		};
		38A7CEBC2A287E8500E0E2B1 /* Managers */ = {
			isa = PBXGroup;
			children = (
				38A7CEBD2A287E9F00E0E2B1 /* NetworkManager.swift */,
				38A7CEC62A288C4A00E0E2B1 /* Reachability.swift */,
				38A7CEC22A28898F00E0E2B1 /* NetworkService.swift */,
			);
			path = Managers;
			sourceTree = "<group>";
		};
		38A7CEBF2A28877600E0E2B1 /* Utils */ = {
			isa = PBXGroup;
			children = (
				38A7CEC02A28878F00E0E2B1 /* Extensions.swift */,
				38A7CECB2A288E2100E0E2B1 /* AppStyles.swift */,
				38A7CED52A28CB2F00E0E2B1 /* GMGDateFormatter.swift */,
				38A7CED72A28D1AB00E0E2B1 /* Helper.swift */,
			);
			path = Utils;
			sourceTree = "<group>";
		};
		38A7CEC82A288CAD00E0E2B1 /* SharedViews */ = {
			isa = PBXGroup;
			children = (
				38A7CE852A287BAF00E0E2B1 /* Main.storyboard */,
				38A7CEC92A288CE300E0E2B1 /* InternetConnectionView.swift */,
			);
			path = SharedViews;
			sourceTree = "<group>";
		};
		38B0406C2A292E0B00B34A03 /* FilterPickerScreen */ = {
			isa = PBXGroup;
			children = (
				38B0406D2A292E2800B34A03 /* Model */,
				38B0406E2A292E2E00B34A03 /* ViewModel */,
				38B0406F2A292E3500B34A03 /* Views */,
			);
			path = FilterPickerScreen;
			sourceTree = "<group>";
		};
		38B0406D2A292E2800B34A03 /* Model */ = {
			isa = PBXGroup;
			children = (
				38B040722A2931C500B34A03 /* FilterModel.swift */,
			);
			path = Model;
			sourceTree = "<group>";
		};
		38B0406E2A292E2E00B34A03 /* ViewModel */ = {
			isa = PBXGroup;
			children = (
				38B040742A2932CD00B34A03 /* FilterPickerViewModel.swift */,
			);
			path = ViewModel;
			sourceTree = "<group>";
		};
		38B0406F2A292E3500B34A03 /* Views */ = {
			isa = PBXGroup;
			children = (
				38B040702A292E7000B34A03 /* FilterPickerVC.swift */,
				38BAE6152A29C3C900AC359C /* FilterItemCell.swift */,
				38BAE6162A29C3C900AC359C /* FilterItemCell.xib */,
			);
			path = Views;
			sourceTree = "<group>";
		};
/* End PBXGroup section */

/* Begin PBXNativeTarget section */
		38A7CE7B2A287BAF00E0E2B1 /* GMGorders */ = {
			isa = PBXNativeTarget;
			buildConfigurationList = 38A7CEA62A287BB200E0E2B1 /* Build configuration list for PBXNativeTarget "GMGorders" */;
			buildPhases = (
				38A7CE782A287BAF00E0E2B1 /* Sources */,
				38A7CE792A287BAF00E0E2B1 /* Frameworks */,
				38A7CE7A2A287BAF00E0E2B1 /* Resources */,
			);
			buildRules = (
			);
			dependencies = (
			);
			name = GMGorders;
			productName = GMGorders;
			productReference = 38A7CE7C2A287BAF00E0E2B1 /* GMGorders.app */;
			productType = "com.apple.product-type.application";
		};
		38A7CE912A287BB200E0E2B1 /* GMGordersTests */ = {
			isa = PBXNativeTarget;
			buildConfigurationList = 38A7CEA92A287BB200E0E2B1 /* Build configuration list for PBXNativeTarget "GMGordersTests" */;
			buildPhases = (
				38A7CE8E2A287BB200E0E2B1 /* Sources */,
				38A7CE8F2A287BB200E0E2B1 /* Frameworks */,
				38A7CE902A287BB200E0E2B1 /* Resources */,
			);
			buildRules = (
			);
			dependencies = (
				38A7CE942A287BB200E0E2B1 /* PBXTargetDependency */,
			);
			name = GMGordersTests;
			productName = GMGordersTests;
			productReference = 38A7CE922A287BB200E0E2B1 /* GMGordersTests.xctest */;
			productType = "com.apple.product-type.bundle.unit-test";
		};
		38A7CE9B2A287BB200E0E2B1 /* GMGordersUITests */ = {
			isa = PBXNativeTarget;
			buildConfigurationList = 38A7CEAC2A287BB200E0E2B1 /* Build configuration list for PBXNativeTarget "GMGordersUITests" */;
			buildPhases = (
				38A7CE982A287BB200E0E2B1 /* Sources */,
				38A7CE992A287BB200E0E2B1 /* Frameworks */,
				38A7CE9A2A287BB200E0E2B1 /* Resources */,
			);
			buildRules = (
			);
			dependencies = (
				38A7CE9E2A287BB200E0E2B1 /* PBXTargetDependency */,
			);
			name = GMGordersUITests;
			productName = GMGordersUITests;
			productReference = 38A7CE9C2A287BB200E0E2B1 /* GMGordersUITests.xctest */;
			productType = "com.apple.product-type.bundle.ui-testing";
		};
/* End PBXNativeTarget section */

/* Begin PBXProject section */
		38A7CE742A287BAF00E0E2B1 /* Project object */ = {
			isa = PBXProject;
			attributes = {
				BuildIndependentTargetsInParallel = 1;
				LastSwiftUpdateCheck = 1410;
				LastUpgradeCheck = 1410;
				TargetAttributes = {
					38A7CE7B2A287BAF00E0E2B1 = {
						CreatedOnToolsVersion = 14.1;
					};
					38A7CE912A287BB200E0E2B1 = {
						CreatedOnToolsVersion = 14.1;
						TestTargetID = 38A7CE7B2A287BAF00E0E2B1;
					};
					38A7CE9B2A287BB200E0E2B1 = {
						CreatedOnToolsVersion = 14.1;
						TestTargetID = 38A7CE7B2A287BAF00E0E2B1;
					};
				};
			};
			buildConfigurationList = 38A7CE772A287BAF00E0E2B1 /* Build configuration list for PBXProject "GMGorders" */;
			compatibilityVersion = "Xcode 14.0";
			developmentRegion = en;
			hasScannedForEncodings = 0;
			knownRegions = (
				en,
				Base,
			);
			mainGroup = 38A7CE732A287BAF00E0E2B1;
			productRefGroup = 38A7CE7D2A287BAF00E0E2B1 /* Products */;
			projectDirPath = "";
			projectRoot = "";
			targets = (
				38A7CE7B2A287BAF00E0E2B1 /* GMGorders */,
				38A7CE912A287BB200E0E2B1 /* GMGordersTests */,
				38A7CE9B2A287BB200E0E2B1 /* GMGordersUITests */,
			);
		};
/* End PBXProject section */

/* Begin PBXResourcesBuildPhase section */
		38A7CE7A2A287BAF00E0E2B1 /* Resources */ = {
			isa = PBXResourcesBuildPhase;
			buildActionMask = 2147483647;
			files = (
				38BAE6182A29C3C900AC359C /* FilterItemCell.xib in Resources */,
				38A7CED42A28BFF800E0E2B1 /* TransactionItemCell.xib in Resources */,
				38A7CEB92A287CFD00E0E2B1 /* GMGTransactions.json in Resources */,
				38A7CE8C2A287BB100E0E2B1 /* LaunchScreen.storyboard in Resources */,
				38A7CE892A287BB100E0E2B1 /* Assets.xcassets in Resources */,
				38A7CE872A287BAF00E0E2B1 /* Main.storyboard in Resources */,
			);
			runOnlyForDeploymentPostprocessing = 0;
		};
		38A7CE902A287BB200E0E2B1 /* Resources */ = {
			isa = PBXResourcesBuildPhase;
			buildActionMask = 2147483647;
			files = (
			);
			runOnlyForDeploymentPostprocessing = 0;
		};
		38A7CE9A2A287BB200E0E2B1 /* Resources */ = {
			isa = PBXResourcesBuildPhase;
			buildActionMask = 2147483647;
			files = (
			);
			runOnlyForDeploymentPostprocessing = 0;
		};
/* End PBXResourcesBuildPhase section */

/* Begin PBXSourcesBuildPhase section */
		38A7CE782A287BAF00E0E2B1 /* Sources */ = {
			isa = PBXSourcesBuildPhase;
			buildActionMask = 2147483647;
			files = (
				38BAE6172A29C3C900AC359C /* FilterItemCell.swift in Sources */,
				38A7CEDA2A28D66500E0E2B1 /* TransactionDetailVC.swift in Sources */,
				38A7CEBB2A287D9800E0E2B1 /* TransactionListModel.swift in Sources */,
				38A7CECC2A288E2100E0E2B1 /* AppStyles.swift in Sources */,
				38A7CED62A28CB2F00E0E2B1 /* GMGDateFormatter.swift in Sources */,
				38A7CED82A28D1AB00E0E2B1 /* Helper.swift in Sources */,
				38A7CEDC2A28D7EF00E0E2B1 /* TransactionDetailViewModel.swift in Sources */,
				38A7CEC12A28878F00E0E2B1 /* Extensions.swift in Sources */,
				38B040732A2931C500B34A03 /* FilterModel.swift in Sources */,
				38A7CE842A287BAF00E0E2B1 /* TransactionListVC.swift in Sources */,
				38A7CEBE2A287E9F00E0E2B1 /* NetworkManager.swift in Sources */,
				38A7CECA2A288CE300E0E2B1 /* InternetConnectionView.swift in Sources */,
				38A7CECE2A289F4100E0E2B1 /* TransactionListViewModel.swift in Sources */,
				38A7CED32A28BFF800E0E2B1 /* TransactionItemCell.swift in Sources */,
				38B040712A292E7000B34A03 /* FilterPickerVC.swift in Sources */,
				38A7CE802A287BAF00E0E2B1 /* AppDelegate.swift in Sources */,
				38A7CEC72A288C4A00E0E2B1 /* Reachability.swift in Sources */,
				38B040752A2932CD00B34A03 /* FilterPickerViewModel.swift in Sources */,
				38A7CEC32A28898F00E0E2B1 /* NetworkService.swift in Sources */,
			);
			runOnlyForDeploymentPostprocessing = 0;
		};
		38A7CE8E2A287BB200E0E2B1 /* Sources */ = {
			isa = PBXSourcesBuildPhase;
			buildActionMask = 2147483647;
			files = (
				38A7CE972A287BB200E0E2B1 /* GMGordersTests.swift in Sources */,
			);
			runOnlyForDeploymentPostprocessing = 0;
		};
		38A7CE982A287BB200E0E2B1 /* Sources */ = {
			isa = PBXSourcesBuildPhase;
			buildActionMask = 2147483647;
			files = (
				38A7CEA12A287BB200E0E2B1 /* GMGordersUITests.swift in Sources */,
				38A7CEA32A287BB200E0E2B1 /* GMGordersUITestsLaunchTests.swift in Sources */,
			);
			runOnlyForDeploymentPostprocessing = 0;
		};
/* End PBXSourcesBuildPhase section */

/* Begin PBXTargetDependency section */
		38A7CE942A287BB200E0E2B1 /* PBXTargetDependency */ = {
			isa = PBXTargetDependency;
			target = 38A7CE7B2A287BAF00E0E2B1 /* GMGorders */;
			targetProxy = 38A7CE932A287BB200E0E2B1 /* PBXContainerItemProxy */;
		};
		38A7CE9E2A287BB200E0E2B1 /* PBXTargetDependency */ = {
			isa = PBXTargetDependency;
			target = 38A7CE7B2A287BAF00E0E2B1 /* GMGorders */;
			targetProxy = 38A7CE9D2A287BB200E0E2B1 /* PBXContainerItemProxy */;
		};
/* End PBXTargetDependency section */

/* Begin PBXVariantGroup section */
		38A7CE852A287BAF00E0E2B1 /* Main.storyboard */ = {
			isa = PBXVariantGroup;
			children = (
				38A7CE862A287BAF00E0E2B1 /* Base */,
			);
			name = Main.storyboard;
			sourceTree = "<group>";
		};
		38A7CE8A2A287BB100E0E2B1 /* LaunchScreen.storyboard */ = {
			isa = PBXVariantGroup;
			children = (
				38A7CE8B2A287BB100E0E2B1 /* Base */,
			);
			name = LaunchScreen.storyboard;
			sourceTree = "<group>";
		};
/* End PBXVariantGroup section */

/* Begin XCBuildConfiguration section */
		38A7CEA42A287BB200E0E2B1 /* Debug */ = {
			isa = XCBuildConfiguration;
			buildSettings = {
				ALWAYS_SEARCH_USER_PATHS = NO;
				CLANG_ANALYZER_NONNULL = YES;
				CLANG_ANALYZER_NUMBER_OBJECT_CONVERSION = YES_AGGRESSIVE;
				CLANG_CXX_LANGUAGE_STANDARD = "gnu++20";
				CLANG_ENABLE_MODULES = YES;
				CLANG_ENABLE_OBJC_ARC = YES;
				CLANG_ENABLE_OBJC_WEAK = YES;
				CLANG_WARN_BLOCK_CAPTURE_AUTORELEASING = YES;
				CLANG_WARN_BOOL_CONVERSION = YES;
				CLANG_WARN_COMMA = YES;
				CLANG_WARN_CONSTANT_CONVERSION = YES;
				CLANG_WARN_DEPRECATED_OBJC_IMPLEMENTATIONS = YES;
				CLANG_WARN_DIRECT_OBJC_ISA_USAGE = YES_ERROR;
				CLANG_WARN_DOCUMENTATION_COMMENTS = YES;
				CLANG_WARN_EMPTY_BODY = YES;
				CLANG_WARN_ENUM_CONVERSION = YES;
				CLANG_WARN_INFINITE_RECURSION = YES;
				CLANG_WARN_INT_CONVERSION = YES;
				CLANG_WARN_NON_LITERAL_NULL_CONVERSION = YES;
				CLANG_WARN_OBJC_IMPLICIT_RETAIN_SELF = YES;
				CLANG_WARN_OBJC_LITERAL_CONVERSION = YES;
				CLANG_WARN_OBJC_ROOT_CLASS = YES_ERROR;
				CLANG_WARN_QUOTED_INCLUDE_IN_FRAMEWORK_HEADER = YES;
				CLANG_WARN_RANGE_LOOP_ANALYSIS = YES;
				CLANG_WARN_STRICT_PROTOTYPES = YES;
				CLANG_WARN_SUSPICIOUS_MOVE = YES;
				CLANG_WARN_UNGUARDED_AVAILABILITY = YES_AGGRESSIVE;
				CLANG_WARN_UNREACHABLE_CODE = YES;
				CLANG_WARN__DUPLICATE_METHOD_MATCH = YES;
				COPY_PHASE_STRIP = NO;
				DEBUG_INFORMATION_FORMAT = dwarf;
				ENABLE_STRICT_OBJC_MSGSEND = YES;
				ENABLE_TESTABILITY = YES;
				GCC_C_LANGUAGE_STANDARD = gnu11;
				GCC_DYNAMIC_NO_PIC = NO;
				GCC_NO_COMMON_BLOCKS = YES;
				GCC_OPTIMIZATION_LEVEL = 0;
				GCC_PREPROCESSOR_DEFINITIONS = (
					"DEBUG=1",
					"$(inherited)",
				);
				GCC_WARN_64_TO_32_BIT_CONVERSION = YES;
				GCC_WARN_ABOUT_RETURN_TYPE = YES_ERROR;
				GCC_WARN_UNDECLARED_SELECTOR = YES;
				GCC_WARN_UNINITIALIZED_AUTOS = YES_AGGRESSIVE;
				GCC_WARN_UNUSED_FUNCTION = YES;
				GCC_WARN_UNUSED_VARIABLE = YES;
				IPHONEOS_DEPLOYMENT_TARGET = 16.1;
				MTL_ENABLE_DEBUG_INFO = INCLUDE_SOURCE;
				MTL_FAST_MATH = YES;
				ONLY_ACTIVE_ARCH = YES;
				SDKROOT = iphoneos;
				SWIFT_ACTIVE_COMPILATION_CONDITIONS = DEBUG;
				SWIFT_OPTIMIZATION_LEVEL = "-Onone";
			};
			name = Debug;
		};
		38A7CEA52A287BB200E0E2B1 /* Release */ = {
			isa = XCBuildConfiguration;
			buildSettings = {
				ALWAYS_SEARCH_USER_PATHS = NO;
				CLANG_ANALYZER_NONNULL = YES;
				CLANG_ANALYZER_NUMBER_OBJECT_CONVERSION = YES_AGGRESSIVE;
				CLANG_CXX_LANGUAGE_STANDARD = "gnu++20";
				CLANG_ENABLE_MODULES = YES;
				CLANG_ENABLE_OBJC_ARC = YES;
				CLANG_ENABLE_OBJC_WEAK = YES;
				CLANG_WARN_BLOCK_CAPTURE_AUTORELEASING = YES;
				CLANG_WARN_BOOL_CONVERSION = YES;
				CLANG_WARN_COMMA = YES;
				CLANG_WARN_CONSTANT_CONVERSION = YES;
				CLANG_WARN_DEPRECATED_OBJC_IMPLEMENTATIONS = YES;
				CLANG_WARN_DIRECT_OBJC_ISA_USAGE = YES_ERROR;
				CLANG_WARN_DOCUMENTATION_COMMENTS = YES;
				CLANG_WARN_EMPTY_BODY = YES;
				CLANG_WARN_ENUM_CONVERSION = YES;
				CLANG_WARN_INFINITE_RECURSION = YES;
				CLANG_WARN_INT_CONVERSION = YES;
				CLANG_WARN_NON_LITERAL_NULL_CONVERSION = YES;
				CLANG_WARN_OBJC_IMPLICIT_RETAIN_SELF = YES;
				CLANG_WARN_OBJC_LITERAL_CONVERSION = YES;
				CLANG_WARN_OBJC_ROOT_CLASS = YES_ERROR;
				CLANG_WARN_QUOTED_INCLUDE_IN_FRAMEWORK_HEADER = YES;
				CLANG_WARN_RANGE_LOOP_ANALYSIS = YES;
				CLANG_WARN_STRICT_PROTOTYPES = YES;
				CLANG_WARN_SUSPICIOUS_MOVE = YES;
				CLANG_WARN_UNGUARDED_AVAILABILITY = YES_AGGRESSIVE;
				CLANG_WARN_UNREACHABLE_CODE = YES;
				CLANG_WARN__DUPLICATE_METHOD_MATCH = YES;
				COPY_PHASE_STRIP = NO;
				DEBUG_INFORMATION_FORMAT = "dwarf-with-dsym";
				ENABLE_NS_ASSERTIONS = NO;
				ENABLE_STRICT_OBJC_MSGSEND = YES;
				GCC_C_LANGUAGE_STANDARD = gnu11;
				GCC_NO_COMMON_BLOCKS = YES;
				GCC_WARN_64_TO_32_BIT_CONVERSION = YES;
				GCC_WARN_ABOUT_RETURN_TYPE = YES_ERROR;
				GCC_WARN_UNDECLARED_SELECTOR = YES;
				GCC_WARN_UNINITIALIZED_AUTOS = YES_AGGRESSIVE;
				GCC_WARN_UNUSED_FUNCTION = YES;
				GCC_WARN_UNUSED_VARIABLE = YES;
				IPHONEOS_DEPLOYMENT_TARGET = 16.1;
				MTL_ENABLE_DEBUG_INFO = NO;
				MTL_FAST_MATH = YES;
				SDKROOT = iphoneos;
				SWIFT_COMPILATION_MODE = wholemodule;
				SWIFT_OPTIMIZATION_LEVEL = "-O";
				VALIDATE_PRODUCT = YES;
			};
			name = Release;
		};
		38A7CEA72A287BB200E0E2B1 /* Debug */ = {
			isa = XCBuildConfiguration;
			buildSettings = {
				ASSETCATALOG_COMPILER_APPICON_NAME = AppIcon;
				ASSETCATALOG_COMPILER_GLOBAL_ACCENT_COLOR_NAME = AccentColor;
				CODE_SIGN_STYLE = Automatic;
				CURRENT_PROJECT_VERSION = 1;
				DEVELOPMENT_TEAM = D7RZHNF3F3;
				GENERATE_INFOPLIST_FILE = YES;
				INFOPLIST_FILE = GMGorders/Info.plist;
				INFOPLIST_KEY_UIApplicationSupportsIndirectInputEvents = YES;
				INFOPLIST_KEY_UILaunchStoryboardName = LaunchScreen;
				INFOPLIST_KEY_UIMainStoryboardFile = Main;
				INFOPLIST_KEY_UISupportedInterfaceOrientations = UIInterfaceOrientationPortrait;
				INFOPLIST_KEY_UISupportedInterfaceOrientations_iPad = "UIInterfaceOrientationLandscapeLeft UIInterfaceOrientationLandscapeRight UIInterfaceOrientationPortrait UIInterfaceOrientationPortraitUpsideDown";
				IPHONEOS_DEPLOYMENT_TARGET = 14.0;
				LD_RUNPATH_SEARCH_PATHS = (
					"$(inherited)",
					"@executable_path/Frameworks",
				);
				MARKETING_VERSION = 1.0;
				PRODUCT_BUNDLE_IDENTIFIER = com.Ajas.GMGorders;
				PRODUCT_NAME = "$(TARGET_NAME)";
				SUPPORTED_PLATFORMS = "iphoneos iphonesimulator";
				SUPPORTS_MACCATALYST = NO;
				SUPPORTS_MAC_DESIGNED_FOR_IPHONE_IPAD = NO;
				SWIFT_EMIT_LOC_STRINGS = YES;
				SWIFT_VERSION = 5.0;
				TARGETED_DEVICE_FAMILY = 1;
			};
			name = Debug;
		};
		38A7CEA82A287BB200E0E2B1 /* Release */ = {
			isa = XCBuildConfiguration;
			buildSettings = {
				ASSETCATALOG_COMPILER_APPICON_NAME = AppIcon;
				ASSETCATALOG_COMPILER_GLOBAL_ACCENT_COLOR_NAME = AccentColor;
				CODE_SIGN_STYLE = Automatic;
				CURRENT_PROJECT_VERSION = 1;
				DEVELOPMENT_TEAM = D7RZHNF3F3;
				GENERATE_INFOPLIST_FILE = YES;
				INFOPLIST_FILE = GMGorders/Info.plist;
				INFOPLIST_KEY_UIApplicationSupportsIndirectInputEvents = YES;
				INFOPLIST_KEY_UILaunchStoryboardName = LaunchScreen;
				INFOPLIST_KEY_UIMainStoryboardFile = Main;
				INFOPLIST_KEY_UISupportedInterfaceOrientations = UIInterfaceOrientationPortrait;
				INFOPLIST_KEY_UISupportedInterfaceOrientations_iPad = "UIInterfaceOrientationLandscapeLeft UIInterfaceOrientationLandscapeRight UIInterfaceOrientationPortrait UIInterfaceOrientationPortraitUpsideDown";
				IPHONEOS_DEPLOYMENT_TARGET = 14.0;
				LD_RUNPATH_SEARCH_PATHS = (
					"$(inherited)",
					"@executable_path/Frameworks",
				);
				MARKETING_VERSION = 1.0;
				PRODUCT_BUNDLE_IDENTIFIER = com.Ajas.GMGorders;
				PRODUCT_NAME = "$(TARGET_NAME)";
				SUPPORTED_PLATFORMS = "iphoneos iphonesimulator";
				SUPPORTS_MACCATALYST = NO;
				SUPPORTS_MAC_DESIGNED_FOR_IPHONE_IPAD = NO;
				SWIFT_EMIT_LOC_STRINGS = YES;
				SWIFT_VERSION = 5.0;
				TARGETED_DEVICE_FAMILY = 1;
			};
			name = Release;
		};
		38A7CEAA2A287BB200E0E2B1 /* Debug */ = {
			isa = XCBuildConfiguration;
			buildSettings = {
				ALWAYS_EMBED_SWIFT_STANDARD_LIBRARIES = YES;
				BUNDLE_LOADER = "$(TEST_HOST)";
				CODE_SIGN_STYLE = Automatic;
				CURRENT_PROJECT_VERSION = 1;
				DEVELOPMENT_TEAM = D7RZHNF3F3;
				GENERATE_INFOPLIST_FILE = YES;
				IPHONEOS_DEPLOYMENT_TARGET = 16.1;
				MARKETING_VERSION = 1.0;
				PRODUCT_BUNDLE_IDENTIFIER = com.Ajas.GMGordersTests;
				PRODUCT_NAME = "$(TARGET_NAME)";
				SWIFT_EMIT_LOC_STRINGS = NO;
				SWIFT_VERSION = 5.0;
				TARGETED_DEVICE_FAMILY = "1,2";
				TEST_HOST = "$(BUILT_PRODUCTS_DIR)/GMGorders.app/$(BUNDLE_EXECUTABLE_FOLDER_PATH)/GMGorders";
			};
			name = Debug;
		};
		38A7CEAB2A287BB200E0E2B1 /* Release */ = {
			isa = XCBuildConfiguration;
			buildSettings = {
				ALWAYS_EMBED_SWIFT_STANDARD_LIBRARIES = YES;
				BUNDLE_LOADER = "$(TEST_HOST)";
				CODE_SIGN_STYLE = Automatic;
				CURRENT_PROJECT_VERSION = 1;
				DEVELOPMENT_TEAM = D7RZHNF3F3;
				GENERATE_INFOPLIST_FILE = YES;
				IPHONEOS_DEPLOYMENT_TARGET = 16.1;
				MARKETING_VERSION = 1.0;
				PRODUCT_BUNDLE_IDENTIFIER = com.Ajas.GMGordersTests;
				PRODUCT_NAME = "$(TARGET_NAME)";
				SWIFT_EMIT_LOC_STRINGS = NO;
				SWIFT_VERSION = 5.0;
				TARGETED_DEVICE_FAMILY = "1,2";
				TEST_HOST = "$(BUILT_PRODUCTS_DIR)/GMGorders.app/$(BUNDLE_EXECUTABLE_FOLDER_PATH)/GMGorders";
			};
			name = Release;
		};
		38A7CEAD2A287BB200E0E2B1 /* Debug */ = {
			isa = XCBuildConfiguration;
			buildSettings = {
				ALWAYS_EMBED_SWIFT_STANDARD_LIBRARIES = YES;
				CODE_SIGN_STYLE = Automatic;
				CURRENT_PROJECT_VERSION = 1;
				DEVELOPMENT_TEAM = D7RZHNF3F3;
				GENERATE_INFOPLIST_FILE = YES;
				MARKETING_VERSION = 1.0;
				PRODUCT_BUNDLE_IDENTIFIER = com.Ajas.GMGordersUITests;
				PRODUCT_NAME = "$(TARGET_NAME)";
				SWIFT_EMIT_LOC_STRINGS = NO;
				SWIFT_VERSION = 5.0;
				TARGETED_DEVICE_FAMILY = "1,2";
				TEST_TARGET_NAME = GMGorders;
			};
			name = Debug;
		};
		38A7CEAE2A287BB200E0E2B1 /* Release */ = {
			isa = XCBuildConfiguration;
			buildSettings = {
				ALWAYS_EMBED_SWIFT_STANDARD_LIBRARIES = YES;
				CODE_SIGN_STYLE = Automatic;
				CURRENT_PROJECT_VERSION = 1;
				DEVELOPMENT_TEAM = D7RZHNF3F3;
				GENERATE_INFOPLIST_FILE = YES;
				MARKETING_VERSION = 1.0;
				PRODUCT_BUNDLE_IDENTIFIER = com.Ajas.GMGordersUITests;
				PRODUCT_NAME = "$(TARGET_NAME)";
				SWIFT_EMIT_LOC_STRINGS = NO;
				SWIFT_VERSION = 5.0;
				TARGETED_DEVICE_FAMILY = "1,2";
				TEST_TARGET_NAME = GMGorders;
			};
			name = Release;
		};
/* End XCBuildConfiguration section */

/* Begin XCConfigurationList section */
		38A7CE772A287BAF00E0E2B1 /* Build configuration list for PBXProject "GMGorders" */ = {
			isa = XCConfigurationList;
			buildConfigurations = (
				38A7CEA42A287BB200E0E2B1 /* Debug */,
				38A7CEA52A287BB200E0E2B1 /* Release */,
			);
			defaultConfigurationIsVisible = 0;
			defaultConfigurationName = Release;
		};
		38A7CEA62A287BB200E0E2B1 /* Build configuration list for PBXNativeTarget "GMGorders" */ = {
			isa = XCConfigurationList;
			buildConfigurations = (
				38A7CEA72A287BB200E0E2B1 /* Debug */,
				38A7CEA82A287BB200E0E2B1 /* Release */,
			);
			defaultConfigurationIsVisible = 0;
			defaultConfigurationName = Release;
		};
		38A7CEA92A287BB200E0E2B1 /* Build configuration list for PBXNativeTarget "GMGordersTests" */ = {
			isa = XCConfigurationList;
			buildConfigurations = (
				38A7CEAA2A287BB200E0E2B1 /* Debug */,
				38A7CEAB2A287BB200E0E2B1 /* Release */,
			);
			defaultConfigurationIsVisible = 0;
			defaultConfigurationName = Release;
		};
		38A7CEAC2A287BB200E0E2B1 /* Build configuration list for PBXNativeTarget "GMGordersUITests" */ = {
			isa = XCConfigurationList;
			buildConfigurations = (
				38A7CEAD2A287BB200E0E2B1 /* Debug */,
				38A7CEAE2A287BB200E0E2B1 /* Release */,
			);
			defaultConfigurationIsVisible = 0;
			defaultConfigurationName = Release;
		};
/* End XCConfigurationList section */
	};
	rootObject = 38A7CE742A287BAF00E0E2B1 /* Project object */;
}
